
Microsoft Visual Studio Solution File, Format Version 12.00
# Visual Studio Version 17
VisualStudioVersion = 17.5.33424.131
MinimumVisualStudioVersion = 10.0.40219.1
Project("{FAE04EC0-301F-11D3-BF4B-00C04F79EFBC}") = "04.08.2023 20.19", "04.08.2023 20.19\04.08.2023 20.19.csproj", "{903FF92F-6A35-4BC3-A4B1-3655B0D419A0}"
EndProject
Global
	GlobalSection(SolutionConfigurationPlatforms) = preSolution
		Debug|Any CPU = Debug|Any CPU
		Release|Any CPU = Release|Any CPU
	EndGlobalSection
	GlobalSection(ProjectConfigurationPlatforms) = postSolution
		{903FF92F-6A35-4BC3-A4B1-3655B0D419A0}.Debug|Any CPU.ActiveCfg = Debug|Any CPU
		{903FF92F-6A35-4BC3-A4B1-3655B0D419A0}.Debug|Any CPU.Build.0 = Debug|Any CPU
		{903FF92F-6A35-4BC3-A4B1-3655B0D419A0}.Release|Any CPU.ActiveCfg = Release|Any CPU
		{903FF92F-6A35-4BC3-A4B1-3655B0D419A0}.Release|Any CPU.Build.0 = Release|Any CPU
	EndGlobalSection
	GlobalSection(SolutionProperties) = preSolution
		HideSolutionNode = FALSE
	EndGlobalSection
	GlobalSection(ExtensibilityGlobals) = postSolution
		SolutionGuid = {5537A05A-5BE0-4C95-8676-DCFB50E5A3B6}
	EndGlobalSection
EndGlobal
